
Microsoft Visual Studio Solution File, Format Version 12.00
# Visual Studio Version 16
VisualStudioVersion = 16.0.30114.105
MinimumVisualStudioVersion = 10.0.40219.1
Project("{FAE04EC0-301F-11D3-BF4B-00C04F79EFBC}") = "HondaGen", "HondaGen.csproj", "{3D6A769B-24B8-4401-ADD7-2EF985F3D832}"
EndProject
Global
	GlobalSection(SolutionConfigurationPlatforms) = preSolution
		Debug|Any CPU = Debug|Any CPU
		Release|Any CPU = Release|Any CPU
	EndGlobalSection
	GlobalSection(ProjectConfigurationPlatforms) = postSolution
		{3D6A769B-24B8-4401-ADD7-2EF985F3D832}.Debug|Any CPU.ActiveCfg = Debug|Any CPU
		{3D6A769B-24B8-4401-ADD7-2EF985F3D832}.Debug|Any CPU.Build.0 = Debug|Any CPU
		{3D6A769B-24B8-4401-ADD7-2EF985F3D832}.Release|Any CPU.ActiveCfg = Release|Any CPU
		{3D6A769B-24B8-4401-ADD7-2EF985F3D832}.Release|Any CPU.Build.0 = Release|Any CPU
	EndGlobalSection
	GlobalSection(SolutionProperties) = preSolution
		HideSolutionNode = FALSE
	EndGlobalSection
	GlobalSection(ExtensibilityGlobals) = postSolution
		SolutionGuid = {F01E2C79-2906-4E95-9BB2-3F82E67B9C45}
	EndGlobalSection
EndGlobal
